
Microsoft Visual Studio Solution File, Format Version 12.00
# Visual Studio Version 17
VisualStudioVersion = 17.3.32901.215
MinimumVisualStudioVersion = 10.0.40219.1
Project("{9A19103F-16F7-4668-BE54-9A1E7A4F7556}") = "xml-preprocess", "xml-preprocess\xml-preprocess.csproj", "{A9F5EC2F-88D4-4004-9AF1-97F8DA791033}"
EndProject
Project("{FAE04EC0-301F-11D3-BF4B-00C04F79EFBC}") = "xml-preprocess.Test", "TestProject\xml-preprocess.Test.csproj", "{875FB14A-08F4-4B3E-BB3E-C80E65BAF43E}"
EndProject
Global
	GlobalSection(SolutionConfigurationPlatforms) = preSolution
		Debug|Any CPU = Debug|Any CPU
		Release|Any CPU = Release|Any CPU
	EndGlobalSection
	GlobalSection(ProjectConfigurationPlatforms) = postSolution
		{A9F5EC2F-88D4-4004-9AF1-97F8DA791033}.Debug|Any CPU.ActiveCfg = Debug|Any CPU
		{A9F5EC2F-88D4-4004-9AF1-97F8DA791033}.Debug|Any CPU.Build.0 = Debug|Any CPU
		{A9F5EC2F-88D4-4004-9AF1-97F8DA791033}.Release|Any CPU.ActiveCfg = Release|Any CPU
		{A9F5EC2F-88D4-4004-9AF1-97F8DA791033}.Release|Any CPU.Build.0 = Release|Any CPU
		{875FB14A-08F4-4B3E-BB3E-C80E65BAF43E}.Debug|Any CPU.ActiveCfg = Debug|Any CPU
		{875FB14A-08F4-4B3E-BB3E-C80E65BAF43E}.Debug|Any CPU.Build.0 = Debug|Any CPU
		{875FB14A-08F4-4B3E-BB3E-C80E65BAF43E}.Release|Any CPU.ActiveCfg = Release|Any CPU
		{875FB14A-08F4-4B3E-BB3E-C80E65BAF43E}.Release|Any CPU.Build.0 = Release|Any CPU
	EndGlobalSection
	GlobalSection(SolutionProperties) = preSolution
		HideSolutionNode = FALSE
	EndGlobalSection
	GlobalSection(ExtensibilityGlobals) = postSolution
		SolutionGuid = {0959EBF2-1014-485B-BA2C-7EC50B202A78}
	EndGlobalSection
EndGlobal
